
Microsoft Visual Studio Solution File, Format Version 12.00
# Visual Studio Version 16
VisualStudioVersion = 16.0.29709.97
MinimumVisualStudioVersion = 10.0.40219.1
Project("{FAE04EC0-301F-11D3-BF4B-00C04F79EFBC}") = "Practica_2", "Practica_2\Practica_2.csproj", "{ED3D799D-4B85-47AE-8865-4C3B75F65C19}"
EndProject
Project("{FAE04EC0-301F-11D3-BF4B-00C04F79EFBC}") = "Ejercicio_Int", "Ejercicio_Int\Ejercicio_Int.csproj", "{9975AF0F-FAF8-412B-9252-DA81D92FE62E}"
EndProject
Project("{FAE04EC0-301F-11D3-BF4B-00C04F79EFBC}") = "CalculoPerimetro", "CalculoPerimetro\CalculoPerimetro.csproj", "{104D9E93-0EAB-4E0C-8C5B-8AE0B16032B3}"
EndProject
Global
	GlobalSection(SolutionConfigurationPlatforms) = preSolution
		Debug|Any CPU = Debug|Any CPU
		Release|Any CPU = Release|Any CPU
	EndGlobalSection
	GlobalSection(ProjectConfigurationPlatforms) = postSolution
		{ED3D799D-4B85-47AE-8865-4C3B75F65C19}.Debug|Any CPU.ActiveCfg = Debug|Any CPU
		{ED3D799D-4B85-47AE-8865-4C3B75F65C19}.Debug|Any CPU.Build.0 = Debug|Any CPU
		{ED3D799D-4B85-47AE-8865-4C3B75F65C19}.Release|Any CPU.ActiveCfg = Release|Any CPU
		{ED3D799D-4B85-47AE-8865-4C3B75F65C19}.Release|Any CPU.Build.0 = Release|Any CPU
		{9975AF0F-FAF8-412B-9252-DA81D92FE62E}.Debug|Any CPU.ActiveCfg = Debug|Any CPU
		{9975AF0F-FAF8-412B-9252-DA81D92FE62E}.Debug|Any CPU.Build.0 = Debug|Any CPU
		{9975AF0F-FAF8-412B-9252-DA81D92FE62E}.Release|Any CPU.ActiveCfg = Release|Any CPU
		{9975AF0F-FAF8-412B-9252-DA81D92FE62E}.Release|Any CPU.Build.0 = Release|Any CPU
		{104D9E93-0EAB-4E0C-8C5B-8AE0B16032B3}.Debug|Any CPU.ActiveCfg = Debug|Any CPU
		{104D9E93-0EAB-4E0C-8C5B-8AE0B16032B3}.Debug|Any CPU.Build.0 = Debug|Any CPU
		{104D9E93-0EAB-4E0C-8C5B-8AE0B16032B3}.Release|Any CPU.ActiveCfg = Release|Any CPU
		{104D9E93-0EAB-4E0C-8C5B-8AE0B16032B3}.Release|Any CPU.Build.0 = Release|Any CPU
	EndGlobalSection
	GlobalSection(SolutionProperties) = preSolution
		HideSolutionNode = FALSE
	EndGlobalSection
	GlobalSection(ExtensibilityGlobals) = postSolution
		SolutionGuid = {E923F2BF-614B-42DE-A3CD-04E32E365C49}
	EndGlobalSection
EndGlobal
